
Microsoft Visual Studio Solution File, Format Version 12.00
# Visual Studio Version 17
VisualStudioVersion = 17.3.32819.101
MinimumVisualStudioVersion = 10.0.40219.1
Project("{888888A0-9F3D-457C-B088-3A5042F75D52}") = "Knn_python_programa_2", "Knn_python_programa_2\Knn_python_programa_2.pyproj", "{C8806AF7-527B-4567-8270-8348F57989BE}"
EndProject
Global
	GlobalSection(SolutionConfigurationPlatforms) = preSolution
		Debug|Any CPU = Debug|Any CPU
		Release|Any CPU = Release|Any CPU
	EndGlobalSection
	GlobalSection(ProjectConfigurationPlatforms) = postSolution
		{C8806AF7-527B-4567-8270-8348F57989BE}.Debug|Any CPU.ActiveCfg = Debug|Any CPU
		{C8806AF7-527B-4567-8270-8348F57989BE}.Release|Any CPU.ActiveCfg = Release|Any CPU
	EndGlobalSection
	GlobalSection(SolutionProperties) = preSolution
		HideSolutionNode = FALSE
	EndGlobalSection
	GlobalSection(ExtensibilityGlobals) = postSolution
		SolutionGuid = {7ADA1C30-EF05-40B3-97FA-21D8E3FC7282}
	EndGlobalSection
EndGlobal
